
Microsoft Visual Studio Solution File, Format Version 12.00
# Visual Studio Version 17
VisualStudioVersion = 17.2.32516.85
MinimumVisualStudioVersion = 10.0.40219.1
Project("{2150E333-8FDC-42A3-9474-1A3956D46DE8}") = "1. Presentation Layer", "1. Presentation Layer", "{85A74277-9371-4AA2-BEB1-B1315ACAD7BE}"
EndProject
Project("{2150E333-8FDC-42A3-9474-1A3956D46DE8}") = "2. Business Layer", "2. Business Layer", "{5CEFC997-0F1F-4B18-9AAB-B3486C1B9141}"
EndProject
Project("{2150E333-8FDC-42A3-9474-1A3956D46DE8}") = "3. Data Layer", "3. Data Layer", "{D82BDBD1-283C-477A-9FB7-885B690C1A6C}"
EndProject
Project("{FAE04EC0-301F-11D3-BF4B-00C04F79EFBC}") = "BusinessObject", "BusinessObject\BusinessObject.csproj", "{F58D58FD-730A-4228-83F0-714284AE5594}"
EndProject
Project("{FAE04EC0-301F-11D3-BF4B-00C04F79EFBC}") = "DataAccess", "DataAccess\DataAccess.csproj", "{3A51BECC-6CFA-417D-A16A-30656C2F92B1}"
EndProject
Global
	GlobalSection(SolutionConfigurationPlatforms) = preSolution
		Debug|Any CPU = Debug|Any CPU
		Release|Any CPU = Release|Any CPU
	EndGlobalSection
	GlobalSection(ProjectConfigurationPlatforms) = postSolution
		{F58D58FD-730A-4228-83F0-714284AE5594}.Debug|Any CPU.ActiveCfg = Debug|Any CPU
		{F58D58FD-730A-4228-83F0-714284AE5594}.Debug|Any CPU.Build.0 = Debug|Any CPU
		{F58D58FD-730A-4228-83F0-714284AE5594}.Release|Any CPU.ActiveCfg = Release|Any CPU
		{F58D58FD-730A-4228-83F0-714284AE5594}.Release|Any CPU.Build.0 = Release|Any CPU
		{3A51BECC-6CFA-417D-A16A-30656C2F92B1}.Debug|Any CPU.ActiveCfg = Debug|Any CPU
		{3A51BECC-6CFA-417D-A16A-30656C2F92B1}.Debug|Any CPU.Build.0 = Debug|Any CPU
		{3A51BECC-6CFA-417D-A16A-30656C2F92B1}.Release|Any CPU.ActiveCfg = Release|Any CPU
		{3A51BECC-6CFA-417D-A16A-30656C2F92B1}.Release|Any CPU.Build.0 = Release|Any CPU
	EndGlobalSection
	GlobalSection(SolutionProperties) = preSolution
		HideSolutionNode = FALSE
	EndGlobalSection
	GlobalSection(NestedProjects) = preSolution
		{F58D58FD-730A-4228-83F0-714284AE5594} = {5CEFC997-0F1F-4B18-9AAB-B3486C1B9141}
		{3A51BECC-6CFA-417D-A16A-30656C2F92B1} = {D82BDBD1-283C-477A-9FB7-885B690C1A6C}
	EndGlobalSection
	GlobalSection(ExtensibilityGlobals) = postSolution
		SolutionGuid = {C6E06E2F-5AD9-4C64-95E3-9DACD73061E6}
	EndGlobalSection
EndGlobal
